
Microsoft Visual Studio Solution File, Format Version 12.00
# Visual Studio 14
VisualStudioVersion = 14.0.25420.1
MinimumVisualStudioVersion = 10.0.40219.1
Project("{FAE04EC0-301F-11D3-BF4B-00C04F79EFBC}") = "IntegerLibrary", "IntegerLibrary\IntegerLibrary.csproj", "{7321CDDE-9054-4D5F-B9ED-98CE2A256240}"
EndProject
Project("{FAE04EC0-301F-11D3-BF4B-00C04F79EFBC}") = "IntegerLibrary.Tests", "IntegerLibrary.Tests\IntegerLibrary.Tests.csproj", "{A8FF0147-EF8B-48FD-9395-1BA8D999E2C4}"
EndProject
Global
	GlobalSection(SolutionConfigurationPlatforms) = preSolution
		Debug|Any CPU = Debug|Any CPU
		Release|Any CPU = Release|Any CPU
	EndGlobalSection
	GlobalSection(ProjectConfigurationPlatforms) = postSolution
		{7321CDDE-9054-4D5F-B9ED-98CE2A256240}.Debug|Any CPU.ActiveCfg = Debug|Any CPU
		{7321CDDE-9054-4D5F-B9ED-98CE2A256240}.Debug|Any CPU.Build.0 = Debug|Any CPU
		{7321CDDE-9054-4D5F-B9ED-98CE2A256240}.Release|Any CPU.ActiveCfg = Release|Any CPU
		{7321CDDE-9054-4D5F-B9ED-98CE2A256240}.Release|Any CPU.Build.0 = Release|Any CPU
		{A8FF0147-EF8B-48FD-9395-1BA8D999E2C4}.Debug|Any CPU.ActiveCfg = Debug|Any CPU
		{A8FF0147-EF8B-48FD-9395-1BA8D999E2C4}.Debug|Any CPU.Build.0 = Debug|Any CPU
		{A8FF0147-EF8B-48FD-9395-1BA8D999E2C4}.Release|Any CPU.ActiveCfg = Release|Any CPU
		{A8FF0147-EF8B-48FD-9395-1BA8D999E2C4}.Release|Any CPU.Build.0 = Release|Any CPU
	EndGlobalSection
	GlobalSection(SolutionProperties) = preSolution
		HideSolutionNode = FALSE
	EndGlobalSection
EndGlobal
